SITE
  remote: http://community.opscode.com/api/v1
  specs:
    apt (2.3.8)
    bluepill (2.3.1)
      rsyslog (>= 0.0.0)
    build-essential (2.0.0)
    imagemagick (0.2.3)
    nginx (2.6.2)
      apt (~> 2.2)
      bluepill (~> 2.3)
      build-essential (~> 2.0)
      ohai (~> 1.1)
      runit (~> 1.2)
      yum-epel (~> 0.3)
    ohai (1.1.12)
    rsyslog (1.12.2)
    runit (1.5.10)
      build-essential (>= 0.0.0)
      yum (~> 3.0)
      yum-epel (>= 0.0.0)
    sudo (2.5.2)
    yum (3.2.0)
    yum-epel (0.3.6)
      yum (~> 3.0)

GIT
  remote: https://github.com/bmhatfield/chef-ulimit
  ref: master
  sha: 965ca2371e551d036a690775e17b32234c3bb5ec
  specs:
    ulimit (0.3.3)

GIT
  remote: https://github.com/deepak/chef-locale
  ref: 2669bd937f589b6ad542da4eb1baa42cfe251030
  sha: 2669bd937f589b6ad542da4eb1baa42cfe251030
  specs:
    locale (0.0.2)

GIT
  remote: https://github.com/nickola/chef-ssh-keys
  ref: master
  sha: ccd948d42e57d1cc19c7092b981518691723ffc5
  specs:
    ssh-keys (1.0.0)

GIT
  remote: https://github.com/phlipper/chef-cmake
  ref: master
  sha: 0121931a7246cd56679ebfb73090c90ecc44a3af
  specs:
    cmake (0.2.0)

GIT
  remote: https://github.com/phlipper/chef-libqt4
  ref: master
  sha: 3bec9de4a0693ed4281a186063268dd3fe6f00c4
  specs:
    libqt4 (0.1.0)
      cmake (>= 0.0.0)

GIT
  remote: https://github.com/phlipper/chef-postgresql
  ref: master
  sha: fae090067b5aabf6b9805104772644008d4e431d
  specs:
    postgresql (0.13.3)
      apt (>= 1.9.0)

DEPENDENCIES
  apt (>= 0)
  build-essential (>= 0)
  cmake (>= 0)
  imagemagick (>= 0)
  libqt4 (>= 0)
  locale (>= 0)
  nginx (>= 0)
  postgresql (>= 0)
  ssh-keys (>= 0)
  sudo (>= 0)
  ulimit (>= 0)

